{
  "nodes": {
    "nixpkgs": {
      "locked": {
        "lastModified": 1776329215,
        "narHash": "sha256-a8BYi3mzoJ/AcJP8UldOx8emoPRLeWqALZWu4ZvjPXw=",
        "owner": "NixOS",
        "repo": "nixpkgs",
        "rev": "b86751bc4085f48661017fa226dee99fab6c651b",
        "type": "github"
      },
      "original": {
        "owner": "NixOS",
        "ref": "nixpkgs-unstable",
        "repo": "nixpkgs",
        "type": "github"
      }
    },
    "plugins-lze": {
      "flake": false,
      "locked": {
        "lastModified": 1776724109,
        "narHash": "sha256-bdJew+VUl9BCVYpLEndVQTsvK5E5y3EodCAGS5D9npg=",
        "owner": "BirdeeHub",
        "repo": "lze",
        "rev": "1f7bccd7afe3635fbe8dd308cfec2ed528e7febb",
        "type": "github"
      },
      "original": {
        "owner": "BirdeeHub",
        "repo": "lze",
        "type": "github"
      }
    },
    "plugins-lzextras": {
      "flake": false,
      "locked": {
        "lastModified": 1776724054,
        "narHash": "sha256-T14uJU9XRqSfE2fh9P5cOPgwv6i29e1o6eHJCQrklH0=",
        "owner": "BirdeeHub",
        "repo": "lzextras",
        "rev": "c11cda39c0cb14a6e933fda87ea55cd9e30e4213",
        "type": "github"
      },
      "original": {
        "owner": "BirdeeHub",
        "repo": "lzextras",
        "type": "github"
      }
    },
    "root": {
      "inputs": {
        "nixpkgs": "nixpkgs",
        "plugins-lze": "plugins-lze",
        "plugins-lzextras": "plugins-lzextras",
        "wrappers": "wrappers"
      }
    },
    "wrappers": {
      "inputs": {
        "nixpkgs": [
          "nixpkgs"
        ]
      },
      "locked": {
        "lastModified": 1776819967,
        "narHash": "sha256-e7HCRyWJvR/5h+kN7faYX7liad8N9BqzCu1nS3Ymkr0=",
        "owner": "BirdeeHub",
        "repo": "nix-wrapper-modules",
        "rev": "8c89399e50d6b6f7e8bd4cea70f4dc71e85c892e",
        "type": "github"
      },
      "original": {
        "owner": "BirdeeHub",
        "repo": "nix-wrapper-modules",
        "type": "github"
      }
    }
  },
  "root": "root",
  "version": 7
}
