{
  "nodes": {
    "nixpkgs": {
      "locked": {
        "lastModified": 1791191277,
        "narHash": "sha256-i8KuaINOYLvB2oQikGvtRmdZRxATRxsI9Yad2pp7dEA=",
        "owner": "NixOS",
        "repo": "nixpkgs",
        "rev": "aa48d347080940b8a2b8d2f48228674e280a3514",
        "type": "github"
      },
      "original": {
        "owner": "NixOS",
        "ref": "nixpkgs-unstable",
        "repo": "nixpkgs",
        "type": "github"
      }
    },
    "plugins-lze": {
      "flake": false,
      "locked": {
        "lastModified": 1788891361,
        "narHash": "sha256-rMcGPHxMNqG4FDUrRvwMgmMNJiqT8/hRH7j/1eiOlEg=",
        "owner": "BirdeeHub",
        "repo": "lze",
        "rev": "5e7f95df603250ab21c13ec47c9ee39c66d1292a",
        "type": "github"
      },
      "original": {
        "owner": "BirdeeHub",
        "repo": "lze",
        "type": "github"
      }
    },
    "plugins-lzextras": {
      "flake": false,
      "locked": {
        "lastModified": 1788891348,
        "narHash": "sha256-ae+NIDI+1po2HeY/efAdsyMtKn8I1p3Tx8MuX7X9XcI=",
        "owner": "BirdeeHub",
        "repo": "lzextras",
        "rev": "84224dbbee6e392a581870ac8657cd0bfe81396f",
        "type": "github"
      },
      "original": {
        "owner": "BirdeeHub",
        "repo": "lzextras",
        "type": "github"
      }
    },
    "root": {
      "inputs": {
        "nixpkgs": "nixpkgs",
        "plugins-lze": "plugins-lze",
        "plugins-lzextras": "plugins-lzextras",
        "wrappers": "wrappers"
      }
    },
    "wrappers": {
      "inputs": {
        "nixpkgs": [
          "nixpkgs"
        ]
      },
      "locked": {
        "lastModified": 1788981141,
        "narHash": "sha256-7xWS16u13YGlRNKWaAPzRbEyh4OLOXJe31k7h4AnXNU=",
        "owner": "BirdeeHub",
        "repo": "nix-wrapper-modules",
        "rev": "1db3c116a6aa61823f8d8f3c47c306846428fc54",
        "type": "github"
      },
      "original": {
        "owner": "BirdeeHub",
        "repo": "nix-wrapper-modules",
        "type": "github"
      }
    }
  },
  "root": "root",
  "version": 7
}
