{
  "nodes": {
    "nixpkgs": {
      "locked": {
        "lastModified": 1780246643,
        "narHash": "sha256-4T1KWX7xWGQMs9hNZ24IOY3aYOi8D6+5WtkNRBSttB8=",
        "owner": "NixOS",
        "repo": "nixpkgs",
        "rev": "3109eaae18e09d0b8aef23dc2579e7d94b8d4b4e",
        "type": "github"
      },
      "original": {
        "owner": "NixOS",
        "ref": "nixpkgs-unstable",
        "repo": "nixpkgs",
        "type": "github"
      }
    },
    "plugins-lze": {
      "flake": false,
      "locked": {
        "lastModified": 1779886623,
        "narHash": "sha256-KcOvY87Js1q0YrB2g7Y+ZvXVkzAlQko582qoQemzN2M=",
        "owner": "BirdeeHub",
        "repo": "lze",
        "rev": "37daa89a10a60bd153fa80e9041d6137f077d6fb",
        "type": "github"
      },
      "original": {
        "owner": "BirdeeHub",
        "repo": "lze",
        "type": "github"
      }
    },
    "plugins-lzextras": {
      "flake": false,
      "locked": {
        "lastModified": 1779886599,
        "narHash": "sha256-RFAkctVRrbIK0fcalSvKnJMzlZoeUlVs4gHoxaDZksE=",
        "owner": "BirdeeHub",
        "repo": "lzextras",
        "rev": "dd1d43c0e2337a1a9643a1b78fbc6736d90c14c1",
        "type": "github"
      },
      "original": {
        "owner": "BirdeeHub",
        "repo": "lzextras",
        "type": "github"
      }
    },
    "root": {
      "inputs": {
        "nixpkgs": "nixpkgs",
        "plugins-lze": "plugins-lze",
        "plugins-lzextras": "plugins-lzextras",
        "wrappers": "wrappers"
      }
    },
    "wrappers": {
      "inputs": {
        "nixpkgs": [
          "nixpkgs"
        ]
      },
      "locked": {
        "lastModified": 1779886850,
        "narHash": "sha256-Udj+9DzeLccvPKoW9Q8xFdqIhrw2jhYMoqxBv+8iWzo=",
        "owner": "BirdeeHub",
        "repo": "nix-wrapper-modules",
        "rev": "168fd6f514a9f8fa47df4fdcf9ecd61db10aec68",
        "type": "github"
      },
      "original": {
        "owner": "BirdeeHub",
        "repo": "nix-wrapper-modules",
        "type": "github"
      }
    }
  },
  "root": "root",
  "version": 7
}
